
Microsoft Visual Studio Solution File, Format Version 12.00
# Visual Studio 15
VisualStudioVersion = 15.0.28010.2016
MinimumVisualStudioVersion = 10.0.40219.1
Project("{FAE04EC0-301F-11D3-BF4B-00C04F79EFBC}") = "SmartMeetingAssistant", "SmartMeetingAssistant\SmartMeetingAssistant.csproj", "{42B11BE7-B612-4D03-BA87-C7B87B40E9E0}"
EndProject
Project("{FAE04EC0-301F-11D3-BF4B-00C04F79EFBC}") = "PageRank", "F:\TextSummarizer\PageRank\PageRank.csproj", "{309FDCCF-C71C-4580-A6AD-44A692D89E6C}"
EndProject
Project("{FAE04EC0-301F-11D3-BF4B-00C04F79EFBC}") = "TextRank", "F:\TextSummarizer\TextRank\TextRank.csproj", "{223D7B57-1366-4CE6-B09B-8973C40D66C3}"
EndProject
Global
	GlobalSection(SolutionConfigurationPlatforms) = preSolution
		Debug|Any CPU = Debug|Any CPU
		Debug|x64 = Debug|x64
		Release|Any CPU = Release|Any CPU
		Release|x64 = Release|x64
	EndGlobalSection
	GlobalSection(ProjectConfigurationPlatforms) = postSolution
		{42B11BE7-B612-4D03-BA87-C7B87B40E9E0}.Debug|Any CPU.ActiveCfg = Debug|Any CPU
		{42B11BE7-B612-4D03-BA87-C7B87B40E9E0}.Debug|Any CPU.Build.0 = Debug|Any CPU
		{42B11BE7-B612-4D03-BA87-C7B87B40E9E0}.Debug|x64.ActiveCfg = Debug|x64
		{42B11BE7-B612-4D03-BA87-C7B87B40E9E0}.Debug|x64.Build.0 = Debug|x64
		{42B11BE7-B612-4D03-BA87-C7B87B40E9E0}.Release|Any CPU.ActiveCfg = Release|Any CPU
		{42B11BE7-B612-4D03-BA87-C7B87B40E9E0}.Release|Any CPU.Build.0 = Release|Any CPU
		{42B11BE7-B612-4D03-BA87-C7B87B40E9E0}.Release|x64.ActiveCfg = Release|x64
		{42B11BE7-B612-4D03-BA87-C7B87B40E9E0}.Release|x64.Build.0 = Release|x64
		{309FDCCF-C71C-4580-A6AD-44A692D89E6C}.Debug|Any CPU.ActiveCfg = Debug|Any CPU
		{309FDCCF-C71C-4580-A6AD-44A692D89E6C}.Debug|Any CPU.Build.0 = Debug|Any CPU
		{309FDCCF-C71C-4580-A6AD-44A692D89E6C}.Debug|x64.ActiveCfg = Debug|Any CPU
		{309FDCCF-C71C-4580-A6AD-44A692D89E6C}.Debug|x64.Build.0 = Debug|Any CPU
		{309FDCCF-C71C-4580-A6AD-44A692D89E6C}.Release|Any CPU.ActiveCfg = Release|Any CPU
		{309FDCCF-C71C-4580-A6AD-44A692D89E6C}.Release|Any CPU.Build.0 = Release|Any CPU
		{309FDCCF-C71C-4580-A6AD-44A692D89E6C}.Release|x64.ActiveCfg = Release|Any CPU
		{309FDCCF-C71C-4580-A6AD-44A692D89E6C}.Release|x64.Build.0 = Release|Any CPU
		{223D7B57-1366-4CE6-B09B-8973C40D66C3}.Debug|Any CPU.ActiveCfg = Debug|Any CPU
		{223D7B57-1366-4CE6-B09B-8973C40D66C3}.Debug|Any CPU.Build.0 = Debug|Any CPU
		{223D7B57-1366-4CE6-B09B-8973C40D66C3}.Debug|x64.ActiveCfg = Debug|Any CPU
		{223D7B57-1366-4CE6-B09B-8973C40D66C3}.Debug|x64.Build.0 = Debug|Any CPU
		{223D7B57-1366-4CE6-B09B-8973C40D66C3}.Release|Any CPU.ActiveCfg = Release|Any CPU
		{223D7B57-1366-4CE6-B09B-8973C40D66C3}.Release|Any CPU.Build.0 = Release|Any CPU
		{223D7B57-1366-4CE6-B09B-8973C40D66C3}.Release|x64.ActiveCfg = Release|Any CPU
		{223D7B57-1366-4CE6-B09B-8973C40D66C3}.Release|x64.Build.0 = Release|Any CPU
	EndGlobalSection
	GlobalSection(SolutionProperties) = preSolution
		HideSolutionNode = FALSE
	EndGlobalSection
	GlobalSection(ExtensibilityGlobals) = postSolution
		SolutionGuid = {A2136DBE-AC72-4E2A-B70B-ED0813FA5C8E}
	EndGlobalSection
EndGlobal
